
Microsoft Visual Studio Solution File, Format Version 12.00
# Visual Studio Version 17
VisualStudioVersion = 17.5.33414.496
MinimumVisualStudioVersion = 10.0.40219.1
Project("{FAE04EC0-301F-11D3-BF4B-00C04F79EFBC}") = "Lab15s", "Lab15s\Lab15s.csproj", "{C5A37A5F-2D47-400F-A2E6-A073CD1089E4}"
EndProject
Global
	GlobalSection(SolutionConfigurationPlatforms) = preSolution
		Debug|Any CPU = Debug|Any CPU
		Release|Any CPU = Release|Any CPU
	EndGlobalSection
	GlobalSection(ProjectConfigurationPlatforms) = postSolution
		{C5A37A5F-2D47-400F-A2E6-A073CD1089E4}.Debug|Any CPU.ActiveCfg = Debug|Any CPU
		{C5A37A5F-2D47-400F-A2E6-A073CD1089E4}.Debug|Any CPU.Build.0 = Debug|Any CPU
		{C5A37A5F-2D47-400F-A2E6-A073CD1089E4}.Release|Any CPU.ActiveCfg = Release|Any CPU
		{C5A37A5F-2D47-400F-A2E6-A073CD1089E4}.Release|Any CPU.Build.0 = Release|Any CPU
	EndGlobalSection
	GlobalSection(SolutionProperties) = preSolution
		HideSolutionNode = FALSE
	EndGlobalSection
	GlobalSection(ExtensibilityGlobals) = postSolution
		SolutionGuid = {4CB3AD5F-02A5-46D2-8ED9-F33B5D1C3B90}
	EndGlobalSection
EndGlobal
